
Microsoft Visual Studio Solution File, Format Version 12.00
# Visual Studio Version 17
VisualStudioVersion = 17.7.34024.191
MinimumVisualStudioVersion = 10.0.40219.1
Project("{FAE04EC0-301F-11D3-BF4B-00C04F79EFBC}") = "Labb6_3", "Labb6_3.csproj", "{03ADCB33-122C-4923-B2EC-A86B91BFD360}"
EndProject
Global
	GlobalSection(SolutionConfigurationPlatforms) = preSolution
		Debug|Any CPU = Debug|Any CPU
		Release|Any CPU = Release|Any CPU
	EndGlobalSection
	GlobalSection(ProjectConfigurationPlatforms) = postSolution
		{03ADCB33-122C-4923-B2EC-A86B91BFD360}.Debug|Any CPU.ActiveCfg = Debug|Any CPU
		{03ADCB33-122C-4923-B2EC-A86B91BFD360}.Debug|Any CPU.Build.0 = Debug|Any CPU
		{03ADCB33-122C-4923-B2EC-A86B91BFD360}.Release|Any CPU.ActiveCfg = Release|Any CPU
		{03ADCB33-122C-4923-B2EC-A86B91BFD360}.Release|Any CPU.Build.0 = Release|Any CPU
	EndGlobalSection
	GlobalSection(SolutionProperties) = preSolution
		HideSolutionNode = FALSE
	EndGlobalSection
	GlobalSection(ExtensibilityGlobals) = postSolution
		SolutionGuid = {B01278E8-EF71-4C4B-A750-E2247E176AB2}
	EndGlobalSection
EndGlobal
